
Microsoft Visual Studio Solution File, Format Version 12.00
# Visual Studio Version 16
VisualStudioVersion = 16.0.28803.202
MinimumVisualStudioVersion = 10.0.40219.1
Project("{FAE04EC0-301F-11D3-BF4B-00C04F79EFBC}") = "MovieLibrary", "MovieLibrary\MovieLibrary.csproj", "{80365C71-6080-4378-A699-062E3BA35737}"
EndProject
Global
	GlobalSection(SolutionConfigurationPlatforms) = preSolution
		Debug|Any CPU = Debug|Any CPU
		Release|Any CPU = Release|Any CPU
	EndGlobalSection
	GlobalSection(ProjectConfigurationPlatforms) = postSolution
		{80365C71-6080-4378-A699-062E3BA35737}.Debug|Any CPU.ActiveCfg = Debug|Any CPU
		{80365C71-6080-4378-A699-062E3BA35737}.Debug|Any CPU.Build.0 = Debug|Any CPU
		{80365C71-6080-4378-A699-062E3BA35737}.Release|Any CPU.ActiveCfg = Release|Any CPU
		{80365C71-6080-4378-A699-062E3BA35737}.Release|Any CPU.Build.0 = Release|Any CPU
	EndGlobalSection
	GlobalSection(SolutionProperties) = preSolution
		HideSolutionNode = FALSE
	EndGlobalSection
	GlobalSection(ExtensibilityGlobals) = postSolution
		SolutionGuid = {216AAD63-B455-41E5-A2CB-4712A18A89F3}
	EndGlobalSection
EndGlobal
